
Microsoft Visual Studio Solution File, Format Version 12.00
# Visual Studio Version 17
VisualStudioVersion = 17.9.34728.123
MinimumVisualStudioVersion = 10.0.40219.1
Project("{9A19103F-16F7-4668-BE54-9A1E7A4F7556}") = "LoginServiceExample", "UnitTesting\LoginServiceExample.csproj", "{F91F4543-FD05-436C-A7FB-5A9503A5566A}"
EndProject
Project("{FAE04EC0-301F-11D3-BF4B-00C04F79EFBC}") = "LoginServiceTests", "LoginServiceTests\LoginServiceTests.csproj", "{47785941-66FC-4429-BA1E-2340DF4DE3A7}"
EndProject
Global
	GlobalSection(SolutionConfigurationPlatforms) = preSolution
		Debug|Any CPU = Debug|Any CPU
		Release|Any CPU = Release|Any CPU
	EndGlobalSection
	GlobalSection(ProjectConfigurationPlatforms) = postSolution
		{F91F4543-FD05-436C-A7FB-5A9503A5566A}.Debug|Any CPU.ActiveCfg = Debug|Any CPU
		{F91F4543-FD05-436C-A7FB-5A9503A5566A}.Debug|Any CPU.Build.0 = Debug|Any CPU
		{F91F4543-FD05-436C-A7FB-5A9503A5566A}.Release|Any CPU.ActiveCfg = Release|Any CPU
		{F91F4543-FD05-436C-A7FB-5A9503A5566A}.Release|Any CPU.Build.0 = Release|Any CPU
		{47785941-66FC-4429-BA1E-2340DF4DE3A7}.Debug|Any CPU.ActiveCfg = Debug|Any CPU
		{47785941-66FC-4429-BA1E-2340DF4DE3A7}.Debug|Any CPU.Build.0 = Debug|Any CPU
		{47785941-66FC-4429-BA1E-2340DF4DE3A7}.Release|Any CPU.ActiveCfg = Release|Any CPU
		{47785941-66FC-4429-BA1E-2340DF4DE3A7}.Release|Any CPU.Build.0 = Release|Any CPU
	EndGlobalSection
	GlobalSection(SolutionProperties) = preSolution
		HideSolutionNode = FALSE
	EndGlobalSection
	GlobalSection(ExtensibilityGlobals) = postSolution
		SolutionGuid = {30749F6F-9CF2-4511-99C8-C7712AAD5584}
	EndGlobalSection
EndGlobal
